
Microsoft Visual Studio Solution File, Format Version 12.00
# Visual Studio 15
VisualStudioVersion = 15.0.27428.2037
MinimumVisualStudioVersion = 10.0.40219.1
Project("{FAE04EC0-301F-11D3-BF4B-00C04F79EFBC}") = "CSBombmanClientNak", "CSBombmanClientNak.csproj", "{B1E17422-B897-4836-B1FC-604CEC8682BE}"
EndProject
Global
	GlobalSection(SolutionConfigurationPlatforms) = preSolution
		Debug|Any CPU = Debug|Any CPU
		Release|Any CPU = Release|Any CPU
	EndGlobalSection
	GlobalSection(ProjectConfigurationPlatforms) = postSolution
		{B1E17422-B897-4836-B1FC-604CEC8682BE}.Debug|Any CPU.ActiveCfg = Debug|Any CPU
		{B1E17422-B897-4836-B1FC-604CEC8682BE}.Debug|Any CPU.Build.0 = Debug|Any CPU
		{B1E17422-B897-4836-B1FC-604CEC8682BE}.Release|Any CPU.ActiveCfg = Release|Any CPU
		{B1E17422-B897-4836-B1FC-604CEC8682BE}.Release|Any CPU.Build.0 = Release|Any CPU
	EndGlobalSection
	GlobalSection(SolutionProperties) = preSolution
		HideSolutionNode = FALSE
	EndGlobalSection
	GlobalSection(ExtensibilityGlobals) = postSolution
		SolutionGuid = {B4E14BD8-0AD2-40B6-B760-12BF37FF5110}
	EndGlobalSection
EndGlobal
